
Microsoft Visual Studio Solution File, Format Version 12.00
# Visual Studio 15
VisualStudioVersion = 15.0.26124.0
MinimumVisualStudioVersion = 15.0.26124.0
Project("{2150E333-8FDC-42A3-9474-1A3956D46DE8}") = "src", "src", "{E33A3B38-11B7-4CC8-8853-2BF6C3B2FA3D}"
EndProject
Project("{FAE04EC0-301F-11D3-BF4B-00C04F79EFBC}") = "Trill.APIGateway", "src\Trill.APIGateway\Trill.APIGateway.csproj", "{552CCC78-6FB9-4446-A6D1-0AE07A4AB511}"
EndProject
Project("{2150E333-8FDC-42A3-9474-1A3956D46DE8}") = "tests", "tests", "{5B7566FD-287B-4181-A030-050DDAC4F1DE}"
EndProject
Project("{FAE04EC0-301F-11D3-BF4B-00C04F79EFBC}") = "Trill.APIGateway.Tests.Integration", "tests\Trill.APIGateway.Tests.Integration\Trill.APIGateway.Tests.Integration.csproj", "{5B56D85D-6946-4AF7-A5B4-4DCF2D14C7AB}"
EndProject
Global
	GlobalSection(SolutionConfigurationPlatforms) = preSolution
		Debug|Any CPU = Debug|Any CPU
		Debug|x64 = Debug|x64
		Debug|x86 = Debug|x86
		Release|Any CPU = Release|Any CPU
		Release|x64 = Release|x64
		Release|x86 = Release|x86
	EndGlobalSection
	GlobalSection(SolutionProperties) = preSolution
		HideSolutionNode = FALSE
	EndGlobalSection
	GlobalSection(ProjectConfigurationPlatforms) = postSolution
		{552CCC78-6FB9-4446-A6D1-0AE07A4AB511}.Debug|Any CPU.ActiveCfg = Debug|Any CPU
		{552CCC78-6FB9-4446-A6D1-0AE07A4AB511}.Debug|Any CPU.Build.0 = Debug|Any CPU
		{552CCC78-6FB9-4446-A6D1-0AE07A4AB511}.Debug|x64.ActiveCfg = Debug|Any CPU
		{552CCC78-6FB9-4446-A6D1-0AE07A4AB511}.Debug|x64.Build.0 = Debug|Any CPU
		{552CCC78-6FB9-4446-A6D1-0AE07A4AB511}.Debug|x86.ActiveCfg = Debug|Any CPU
		{552CCC78-6FB9-4446-A6D1-0AE07A4AB511}.Debug|x86.Build.0 = Debug|Any CPU
		{552CCC78-6FB9-4446-A6D1-0AE07A4AB511}.Release|Any CPU.ActiveCfg = Release|Any CPU
		{552CCC78-6FB9-4446-A6D1-0AE07A4AB511}.Release|Any CPU.Build.0 = Release|Any CPU
		{552CCC78-6FB9-4446-A6D1-0AE07A4AB511}.Release|x64.ActiveCfg = Release|Any CPU
		{552CCC78-6FB9-4446-A6D1-0AE07A4AB511}.Release|x64.Build.0 = Release|Any CPU
		{552CCC78-6FB9-4446-A6D1-0AE07A4AB511}.Release|x86.ActiveCfg = Release|Any CPU
		{552CCC78-6FB9-4446-A6D1-0AE07A4AB511}.Release|x86.Build.0 = Release|Any CPU
		{5B56D85D-6946-4AF7-A5B4-4DCF2D14C7AB}.Debug|Any CPU.ActiveCfg = Debug|Any CPU
		{5B56D85D-6946-4AF7-A5B4-4DCF2D14C7AB}.Debug|Any CPU.Build.0 = Debug|Any CPU
		{5B56D85D-6946-4AF7-A5B4-4DCF2D14C7AB}.Debug|x64.ActiveCfg = Debug|Any CPU
		{5B56D85D-6946-4AF7-A5B4-4DCF2D14C7AB}.Debug|x64.Build.0 = Debug|Any CPU
		{5B56D85D-6946-4AF7-A5B4-4DCF2D14C7AB}.Debug|x86.ActiveCfg = Debug|Any CPU
		{5B56D85D-6946-4AF7-A5B4-4DCF2D14C7AB}.Debug|x86.Build.0 = Debug|Any CPU
		{5B56D85D-6946-4AF7-A5B4-4DCF2D14C7AB}.Release|Any CPU.ActiveCfg = Release|Any CPU
		{5B56D85D-6946-4AF7-A5B4-4DCF2D14C7AB}.Release|Any CPU.Build.0 = Release|Any CPU
		{5B56D85D-6946-4AF7-A5B4-4DCF2D14C7AB}.Release|x64.ActiveCfg = Release|Any CPU
		{5B56D85D-6946-4AF7-A5B4-4DCF2D14C7AB}.Release|x64.Build.0 = Release|Any CPU
		{5B56D85D-6946-4AF7-A5B4-4DCF2D14C7AB}.Release|x86.ActiveCfg = Release|Any CPU
		{5B56D85D-6946-4AF7-A5B4-4DCF2D14C7AB}.Release|x86.Build.0 = Release|Any CPU
	EndGlobalSection
	GlobalSection(NestedProjects) = preSolution
		{552CCC78-6FB9-4446-A6D1-0AE07A4AB511} = {E33A3B38-11B7-4CC8-8853-2BF6C3B2FA3D}
		{5B56D85D-6946-4AF7-A5B4-4DCF2D14C7AB} = {5B7566FD-287B-4181-A030-050DDAC4F1DE}
	EndGlobalSection
EndGlobal
